
Microsoft Visual Studio Solution File, Format Version 12.00
# Visual Studio Version 17
VisualStudioVersion = 17.14.36518.9 d17.14
MinimumVisualStudioVersion = 10.0.40219.1
Project("{FAE04EC0-301F-11D3-BF4B-00C04F79EFBC}") = "WebATB", "WebATB\WebATB.csproj", "{DBF96816-2446-4B45-BACA-98113DDEE092}"
EndProject
Global
	GlobalSection(SolutionConfigurationPlatforms) = preSolution
		Debug|Any CPU = Debug|Any CPU
		Release|Any CPU = Release|Any CPU
	EndGlobalSection
	GlobalSection(ProjectConfigurationPlatforms) = postSolution
		{DBF96816-2446-4B45-BACA-98113DDEE092}.Debug|Any CPU.ActiveCfg = Debug|Any CPU
		{DBF96816-2446-4B45-BACA-98113DDEE092}.Debug|Any CPU.Build.0 = Debug|Any CPU
		{DBF96816-2446-4B45-BACA-98113DDEE092}.Release|Any CPU.ActiveCfg = Release|Any CPU
		{DBF96816-2446-4B45-BACA-98113DDEE092}.Release|Any CPU.Build.0 = Release|Any CPU
	EndGlobalSection
	GlobalSection(SolutionProperties) = preSolution
		HideSolutionNode = FALSE
	EndGlobalSection
	GlobalSection(ExtensibilityGlobals) = postSolution
		SolutionGuid = {88165B9C-77A1-4257-92CC-0641689B24CD}
	EndGlobalSection
EndGlobal
